// !$*UTF8*$!
{
	archiveVersion = 1;
	classes = {
	};
	objectVersion = 56;
	objects = {

/* Begin PBXBuildFile section */
		F5C4FCC32BAAB703004FDA4D /* AppDelegate.m in Sources */ = {isa = PBXBuildFile; fileRef = F5C4FCC22BAAB703004FDA4D /* AppDelegate.m */; };
		F5C4FCC62BAAB703004FDA4D /* SceneDelegate.m in Sources */ = {isa = PBXBuildFile; fileRef = F5C4FCC52BAAB703004FDA4D /* SceneDelegate.m */; };
		F5C4FCC92BAAB703004FDA4D /* ViewController.m in Sources */ = {isa = PBXBuildFile; fileRef = F5C4FCC82BAAB703004FDA4D /* ViewController.m */; };
		F5C4FCCC2BAAB703004FDA4D /* Base in Resources */ = {isa = PBXBuildFile; fileRef = F5C4FCCB2BAAB703004FDA4D /* Base */; };
		F5C4FCCE2BAAB704004FDA4D /* Assets.xcassets in Resources */ = {isa = PBXBuildFile; fileRef = F5C4FCCD2BAAB704004FDA4D /* Assets.xcassets */; };
		F5C4FCD12BAAB704004FDA4D /* Base in Resources */ = {isa = PBXBuildFile; fileRef = F5C4FCD02BAAB704004FDA4D /* Base */; };
		F5C4FCD42BAAB704004FDA4D /* main.m in Sources */ = {isa = PBXBuildFile; fileRef = F5C4FCD32BAAB704004FDA4D /* main.m */; };
		F5C4FCDC2BAAB816004FDA4D /* YCAspects.m in Sources */ = {isa = PBXBuildFile; fileRef = F5C4FCDB2BAAB816004FDA4D /* YCAspects.m */; };
/* End PBXBuildFile section */

/* Begin PBXFileReference section */
		F5C4FCBE2BAAB703004FDA4D /* YCAspects.app */ = {isa = PBXFileReference; explicitFileType = wrapper.application; includeInIndex = 0; path = YCAspects.app; sourceTree = BUILT_PRODUCTS_DIR; };
		F5C4FCC12BAAB703004FDA4D /* AppDelegate.h */ = {isa = PBXFileReference; lastKnownFileType = sourcecode.c.h; path = AppDelegate.h; sourceTree = "<group>"; };
		F5C4FCC22BAAB703004FDA4D /* AppDelegate.m */ = {isa = PBXFileReference; lastKnownFileType = sourcecode.c.objc; path = AppDelegate.m; sourceTree = "<group>"; };
		F5C4FCC42BAAB703004FDA4D /* SceneDelegate.h */ = {isa = PBXFileReference; lastKnownFileType = sourcecode.c.h; path = SceneDelegate.h; sourceTree = "<group>"; };
		F5C4FCC52BAAB703004FDA4D /* SceneDelegate.m */ = {isa = PBXFileReference; lastKnownFileType = sourcecode.c.objc; path = SceneDelegate.m; sourceTree = "<group>"; };
		F5C4FCC72BAAB703004FDA4D /* ViewController.h */ = {isa = PBXFileReference; lastKnownFileType = sourcecode.c.h; path = ViewController.h; sourceTree = "<group>"; };
		F5C4FCC82BAAB703004FDA4D /* ViewController.m */ = {isa = PBXFileReference; lastKnownFileType = sourcecode.c.objc; path = ViewController.m; sourceTree = "<group>"; };
		F5C4FCCB2BAAB703004FDA4D /* Base */ = {isa = PBXFileReference; lastKnownFileType = file.storyboard; name = Base; path = Base.lproj/Main.storyboard; sourceTree = "<group>"; };
		F5C4FCCD2BAAB704004FDA4D /* Assets.xcassets */ = {isa = PBXFileReference; lastKnownFileType = folder.assetcatalog; path = Assets.xcassets; sourceTree = "<group>"; };
		F5C4FCD02BAAB704004FDA4D /* Base */ = {isa = PBXFileReference; lastKnownFileType = file.storyboard; name = Base; path = Base.lproj/LaunchScreen.storyboard; sourceTree = "<group>"; };
		F5C4FCD22BAAB704004FDA4D /* Info.plist */ = {isa = PBXFileReference; lastKnownFileType = text.plist.xml; path = Info.plist; sourceTree = "<group>"; };
		F5C4FCD32BAAB704004FDA4D /* main.m */ = {isa = PBXFileReference; lastKnownFileType = sourcecode.c.objc; path = main.m; sourceTree = "<group>"; };
		F5C4FCDA2BAAB816004FDA4D /* YCAspects.h */ = {isa = PBXFileReference; lastKnownFileType = sourcecode.c.h; path = YCAspects.h; sourceTree = "<group>"; };
		F5C4FCDB2BAAB816004FDA4D /* YCAspects.m */ = {isa = PBXFileReference; lastKnownFileType = sourcecode.c.objc; path = YCAspects.m; sourceTree = "<group>"; };
/* End PBXFileReference section */

/* Begin PBXFrameworksBuildPhase section */
		F5C4FCBB2BAAB703004FDA4D /* Frameworks */ = {
			isa = PBXFrameworksBuildPhase;
			buildActionMask = 2147483647;
			files = (
			);
			runOnlyForDeploymentPostprocessing = 0;
		};
/* End PBXFrameworksBuildPhase section */

/* Begin PBXGroup section */
		F5C4FCB52BAAB703004FDA4D = {
			isa = PBXGroup;
			children = (
				F5C4FCC02BAAB703004FDA4D /* YCAspects */,
				F5C4FCBF2BAAB703004FDA4D /* Products */,
			);
			sourceTree = "<group>";
		};
		F5C4FCBF2BAAB703004FDA4D /* Products */ = {
			isa = PBXGroup;
			children = (
				F5C4FCBE2BAAB703004FDA4D /* YCAspects.app */,
			);
			name = Products;
			sourceTree = "<group>";
		};
		F5C4FCC02BAAB703004FDA4D /* YCAspects */ = {
			isa = PBXGroup;
			children = (
				F5C4FCC12BAAB703004FDA4D /* AppDelegate.h */,
				F5C4FCC22BAAB703004FDA4D /* AppDelegate.m */,
				F5C4FCC42BAAB703004FDA4D /* SceneDelegate.h */,
				F5C4FCC52BAAB703004FDA4D /* SceneDelegate.m */,
				F5C4FCC72BAAB703004FDA4D /* ViewController.h */,
				F5C4FCC82BAAB703004FDA4D /* ViewController.m */,
				F5C4FCDA2BAAB816004FDA4D /* YCAspects.h */,
				F5C4FCDB2BAAB816004FDA4D /* YCAspects.m */,
				F5C4FCCA2BAAB703004FDA4D /* Main.storyboard */,
				F5C4FCCD2BAAB704004FDA4D /* Assets.xcassets */,
				F5C4FCCF2BAAB704004FDA4D /* LaunchScreen.storyboard */,
				F5C4FCD22BAAB704004FDA4D /* Info.plist */,
				F5C4FCD32BAAB704004FDA4D /* main.m */,
			);
			path = YCAspects;
			sourceTree = "<group>";
		};
/* End PBXGroup section */

/* Begin PBXNativeTarget section */
		F5C4FCBD2BAAB703004FDA4D /* YCAspects */ = {
			isa = PBXNativeTarget;
			buildConfigurationList = F5C4FCD72BAAB704004FDA4D /* Build configuration list for PBXNativeTarget "YCAspects" */;
			buildPhases = (
				F5C4FCBA2BAAB703004FDA4D /* Sources */,
				F5C4FCBB2BAAB703004FDA4D /* Frameworks */,
				F5C4FCBC2BAAB703004FDA4D /* Resources */,
			);
			buildRules = (
			);
			dependencies = (
			);
			name = YCAspects;
			productName = YCAspects;
			productReference = F5C4FCBE2BAAB703004FDA4D /* YCAspects.app */;
			productType = "com.apple.product-type.application";
		};
/* End PBXNativeTarget section */

/* Begin PBXProject section */
		F5C4FCB62BAAB703004FDA4D /* Project object */ = {
			isa = PBXProject;
			attributes = {
				BuildIndependentTargetsInParallel = 1;
				LastUpgradeCheck = 1530;
				TargetAttributes = {
					F5C4FCBD2BAAB703004FDA4D = {
						CreatedOnToolsVersion = 15.3;
					};
				};
			};
			buildConfigurationList = F5C4FCB92BAAB703004FDA4D /* Build configuration list for PBXProject "YCAspects" */;
			compatibilityVersion = "Xcode 14.0";
			developmentRegion = en;
			hasScannedForEncodings = 0;
			knownRegions = (
				en,
				Base,
			);
			mainGroup = F5C4FCB52BAAB703004FDA4D;
			productRefGroup = F5C4FCBF2BAAB703004FDA4D /* Products */;
			projectDirPath = "";
			projectRoot = "";
			targets = (
				F5C4FCBD2BAAB703004FDA4D /* YCAspects */,
			);
		};
/* End PBXProject section */

/* Begin PBXResourcesBuildPhase section */
		F5C4FCBC2BAAB703004FDA4D /* Resources */ = {
			isa = PBXResourcesBuildPhase;
			buildActionMask = 2147483647;
			files = (
				F5C4FCCE2BAAB704004FDA4D /* Assets.xcassets in Resources */,
				F5C4FCD12BAAB704004FDA4D /* Base in Resources */,
				F5C4FCCC2BAAB703004FDA4D /* Base in Resources */,
			);
			runOnlyForDeploymentPostprocessing = 0;
		};
/* End PBXResourcesBuildPhase section */

/* Begin PBXSourcesBuildPhase section */
		F5C4FCBA2BAAB703004FDA4D /* Sources */ = {
			isa = PBXSourcesBuildPhase;
			buildActionMask = 2147483647;
			files = (
				F5C4FCC92BAAB703004FDA4D /* ViewController.m in Sources */,
				F5C4FCC32BAAB703004FDA4D /* AppDelegate.m in Sources */,
				F5C4FCD42BAAB704004FDA4D /* main.m in Sources */,
				F5C4FCC62BAAB703004FDA4D /* SceneDelegate.m in Sources */,
				F5C4FCDC2BAAB816004FDA4D /* YCAspects.m in Sources */,
			);
			runOnlyForDeploymentPostprocessing = 0;
		};
/* End PBXSourcesBuildPhase section */

/* Begin PBXVariantGroup section */
		F5C4FCCA2BAAB703004FDA4D /* Main.storyboard */ = {
			isa = PBXVariantGroup;
			children = (
				F5C4FCCB2BAAB703004FDA4D /* Base */,
			);
			name = Main.storyboard;
			sourceTree = "<group>";
		};
		F5C4FCCF2BAAB704004FDA4D /* LaunchScreen.storyboard */ = {
			isa = PBXVariantGroup;
			children = (
				F5C4FCD02BAAB704004FDA4D /* Base */,
			);
			name = LaunchScreen.storyboard;
			sourceTree = "<group>";
		};
/* End PBXVariantGroup section */

/* Begin XCBuildConfiguration section */
		F5C4FCD52BAAB704004FDA4D /* Debug */ = {
			isa = XCBuildConfiguration;
			buildSettings = {
				ALWAYS_SEARCH_USER_PATHS = NO;
				ASSETCATALOG_COMPILER_GENERATE_SWIFT_ASSET_SYMBOL_EXTENSIONS = YES;
				CLANG_ANALYZER_NONNULL = YES;
				CLANG_ANALYZER_NUMBER_OBJECT_CONVERSION = YES_AGGRESSIVE;
				CLANG_CXX_LANGUAGE_STANDARD = "gnu++20";
				CLANG_ENABLE_MODULES = YES;
				CLANG_ENABLE_OBJC_ARC = YES;
				CLANG_ENABLE_OBJC_WEAK = YES;
				CLANG_WARN_BLOCK_CAPTURE_AUTORELEASING = YES;
				CLANG_WARN_BOOL_CONVERSION = YES;
				CLANG_WARN_COMMA = YES;
				CLANG_WARN_CONSTANT_CONVERSION = YES;
				CLANG_WARN_DEPRECATED_OBJC_IMPLEMENTATIONS = YES;
				CLANG_WARN_DIRECT_OBJC_ISA_USAGE = YES_ERROR;
				CLANG_WARN_DOCUMENTATION_COMMENTS = YES;
				CLANG_WARN_EMPTY_BODY = YES;
				CLANG_WARN_ENUM_CONVERSION = YES;
				CLANG_WARN_INFINITE_RECURSION = YES;
				CLANG_WARN_INT_CONVERSION = YES;
				CLANG_WARN_NON_LITERAL_NULL_CONVERSION = YES;
				CLANG_WARN_OBJC_IMPLICIT_RETAIN_SELF = YES;
				CLANG_WARN_OBJC_LITERAL_CONVERSION = YES;
				CLANG_WARN_OBJC_ROOT_CLASS = YES_ERROR;
				CLANG_WARN_QUOTED_INCLUDE_IN_FRAMEWORK_HEADER = YES;
				CLANG_WARN_RANGE_LOOP_ANALYSIS = YES;
				CLANG_WARN_STRICT_PROTOTYPES = YES;
				CLANG_WARN_SUSPICIOUS_MOVE = YES;
				CLANG_WARN_UNGUARDED_AVAILABILITY = YES_AGGRESSIVE;
				CLANG_WARN_UNREACHABLE_CODE = YES;
				CLANG_WARN__DUPLICATE_METHOD_MATCH = YES;
				COPY_PHASE_STRIP = NO;
				DEBUG_INFORMATION_FORMAT = dwarf;
				ENABLE_STRICT_OBJC_MSGSEND = YES;
				ENABLE_TESTABILITY = YES;
				ENABLE_USER_SCRIPT_SANDBOXING = YES;
				GCC_C_LANGUAGE_STANDARD = gnu17;
				GCC_DYNAMIC_NO_PIC = NO;
				GCC_NO_COMMON_BLOCKS = YES;
				GCC_OPTIMIZATION_LEVEL = 0;
				GCC_PREPROCESSOR_DEFINITIONS = (
					"DEBUG=1",
					"$(inherited)",
				);
				GCC_WARN_64_TO_32_BIT_CONVERSION = YES;
				GCC_WARN_ABOUT_RETURN_TYPE = YES_ERROR;
				GCC_WARN_UNDECLARED_SELECTOR = YES;
				GCC_WARN_UNINITIALIZED_AUTOS = YES_AGGRESSIVE;
				GCC_WARN_UNUSED_FUNCTION = YES;
				GCC_WARN_UNUSED_VARIABLE = YES;
				IPHONEOS_DEPLOYMENT_TARGET = 17.4;
				LOCALIZATION_PREFERS_STRING_CATALOGS = YES;
				MTL_ENABLE_DEBUG_INFO = INCLUDE_SOURCE;
				MTL_FAST_MATH = YES;
				ONLY_ACTIVE_ARCH = YES;
				SDKROOT = iphoneos;
			};
			name = Debug;
		};
		F5C4FCD62BAAB704004FDA4D /* Release */ = {
			isa = XCBuildConfiguration;
			buildSettings = {
				ALWAYS_SEARCH_USER_PATHS = NO;
				ASSETCATALOG_COMPILER_GENERATE_SWIFT_ASSET_SYMBOL_EXTENSIONS = YES;
				CLANG_ANALYZER_NONNULL = YES;
				CLANG_ANALYZER_NUMBER_OBJECT_CONVERSION = YES_AGGRESSIVE;
				CLANG_CXX_LANGUAGE_STANDARD = "gnu++20";
				CLANG_ENABLE_MODULES = YES;
				CLANG_ENABLE_OBJC_ARC = YES;
				CLANG_ENABLE_OBJC_WEAK = YES;
				CLANG_WARN_BLOCK_CAPTURE_AUTORELEASING = YES;
				CLANG_WARN_BOOL_CONVERSION = YES;
				CLANG_WARN_COMMA = YES;
				CLANG_WARN_CONSTANT_CONVERSION = YES;
				CLANG_WARN_DEPRECATED_OBJC_IMPLEMENTATIONS = YES;
				CLANG_WARN_DIRECT_OBJC_ISA_USAGE = YES_ERROR;
				CLANG_WARN_DOCUMENTATION_COMMENTS = YES;
				CLANG_WARN_EMPTY_BODY = YES;
				CLANG_WARN_ENUM_CONVERSION = YES;
				CLANG_WARN_INFINITE_RECURSION = YES;
				CLANG_WARN_INT_CONVERSION = YES;
				CLANG_WARN_NON_LITERAL_NULL_CONVERSION = YES;
				CLANG_WARN_OBJC_IMPLICIT_RETAIN_SELF = YES;
				CLANG_WARN_OBJC_LITERAL_CONVERSION = YES;
				CLANG_WARN_OBJC_ROOT_CLASS = YES_ERROR;
				CLANG_WARN_QUOTED_INCLUDE_IN_FRAMEWORK_HEADER = YES;
				CLANG_WARN_RANGE_LOOP_ANALYSIS = YES;
				CLANG_WARN_STRICT_PROTOTYPES = YES;
				CLANG_WARN_SUSPICIOUS_MOVE = YES;
				CLANG_WARN_UNGUARDED_AVAILABILITY = YES_AGGRESSIVE;
				CLANG_WARN_UNREACHABLE_CODE = YES;
				CLANG_WARN__DUPLICATE_METHOD_MATCH = YES;
				COPY_PHASE_STRIP = NO;
				DEBUG_INFORMATION_FORMAT = "dwarf-with-dsym";
				ENABLE_NS_ASSERTIONS = NO;
				ENABLE_STRICT_OBJC_MSGSEND = YES;
				ENABLE_USER_SCRIPT_SANDBOXING = YES;
				GCC_C_LANGUAGE_STANDARD = gnu17;
				GCC_NO_COMMON_BLOCKS = YES;
				GCC_WARN_64_TO_32_BIT_CONVERSION = YES;
				GCC_WARN_ABOUT_RETURN_TYPE = YES_ERROR;
				GCC_WARN_UNDECLARED_SELECTOR = YES;
				GCC_WARN_UNINITIALIZED_AUTOS = YES_AGGRESSIVE;
				GCC_WARN_UNUSED_FUNCTION = YES;
				GCC_WARN_UNUSED_VARIABLE = YES;
				IPHONEOS_DEPLOYMENT_TARGET = 17.4;
				LOCALIZATION_PREFERS_STRING_CATALOGS = YES;
				MTL_ENABLE_DEBUG_INFO = NO;
				MTL_FAST_MATH = YES;
				SDKROOT = iphoneos;
				VALIDATE_PRODUCT = YES;
			};
			name = Release;
		};
		F5C4FCD82BAAB704004FDA4D /* Debug */ = {
			isa = XCBuildConfiguration;
			buildSettings = {
				ASSETCATALOG_COMPILER_APPICON_NAME = AppIcon;
				ASSETCATALOG_COMPILER_GLOBAL_ACCENT_COLOR_NAME = AccentColor;
				CODE_SIGN_STYLE = Automatic;
				CURRENT_PROJECT_VERSION = 1;
				GENERATE_INFOPLIST_FILE = YES;
				INFOPLIST_FILE = YCAspects/Info.plist;
				INFOPLIST_KEY_UIApplicationSupportsIndirectInputEvents = YES;
				INFOPLIST_KEY_UILaunchStoryboardName = LaunchScreen;
				INFOPLIST_KEY_UIMainStoryboardFile = Main;
				INFOPLIST_KEY_UISupportedInterfaceOrientations_iPad = "UIInterfaceOrientationPortrait UIInterfaceOrientationPortraitUpsideDown UIInterfaceOrientationLandscapeLeft UIInterfaceOrientationLandscapeRight";
				INFOPLIST_KEY_UISupportedInterfaceOrientations_iPhone = "UIInterfaceOrientationPortrait UIInterfaceOrientationLandscapeLeft UIInterfaceOrientationLandscapeRight";
				LD_RUNPATH_SEARCH_PATHS = (
					"$(inherited)",
					"@executable_path/Frameworks",
				);
				MARKETING_VERSION = 1.0;
				PRODUCT_BUNDLE_IDENTIFIER = com.fordeal.yichen.YCAspects;
				PRODUCT_NAME = "$(TARGET_NAME)";
				SWIFT_EMIT_LOC_STRINGS = YES;
				TARGETED_DEVICE_FAMILY = "1,2";
			};
			name = Debug;
		};
		F5C4FCD92BAAB704004FDA4D /* Release */ = {
			isa = XCBuildConfiguration;
			buildSettings = {
				ASSETCATALOG_COMPILER_APPICON_NAME = AppIcon;
				ASSETCATALOG_COMPILER_GLOBAL_ACCENT_COLOR_NAME = AccentColor;
				CODE_SIGN_STYLE = Automatic;
				CURRENT_PROJECT_VERSION = 1;
				GENERATE_INFOPLIST_FILE = YES;
				INFOPLIST_FILE = YCAspects/Info.plist;
				INFOPLIST_KEY_UIApplicationSupportsIndirectInputEvents = YES;
				INFOPLIST_KEY_UILaunchStoryboardName = LaunchScreen;
				INFOPLIST_KEY_UIMainStoryboardFile = Main;
				INFOPLIST_KEY_UISupportedInterfaceOrientations_iPad = "UIInterfaceOrientationPortrait UIInterfaceOrientationPortraitUpsideDown UIInterfaceOrientationLandscapeLeft UIInterfaceOrientationLandscapeRight";
				INFOPLIST_KEY_UISupportedInterfaceOrientations_iPhone = "UIInterfaceOrientationPortrait UIInterfaceOrientationLandscapeLeft UIInterfaceOrientationLandscapeRight";
				LD_RUNPATH_SEARCH_PATHS = (
					"$(inherited)",
					"@executable_path/Frameworks",
				);
				MARKETING_VERSION = 1.0;
				PRODUCT_BUNDLE_IDENTIFIER = com.fordeal.yichen.YCAspects;
				PRODUCT_NAME = "$(TARGET_NAME)";
				SWIFT_EMIT_LOC_STRINGS = YES;
				TARGETED_DEVICE_FAMILY = "1,2";
			};
			name = Release;
		};
/* End XCBuildConfiguration section */

/* Begin XCConfigurationList section */
		F5C4FCB92BAAB703004FDA4D /* Build configuration list for PBXProject "YCAspects" */ = {
			isa = XCConfigurationList;
			buildConfigurations = (
				F5C4FCD52BAAB704004FDA4D /* Debug */,
				F5C4FCD62BAAB704004FDA4D /* Release */,
			);
			defaultConfigurationIsVisible = 0;
			defaultConfigurationName = Release;
		};
		F5C4FCD72BAAB704004FDA4D /* Build configuration list for PBXNativeTarget "YCAspects" */ = {
			isa = XCConfigurationList;
			buildConfigurations = (
				F5C4FCD82BAAB704004FDA4D /* Debug */,
				F5C4FCD92BAAB704004FDA4D /* Release */,
			);
			defaultConfigurationIsVisible = 0;
			defaultConfigurationName = Release;
		};
/* End XCConfigurationList section */
	};
	rootObject = F5C4FCB62BAAB703004FDA4D /* Project object */;
}
